
Microsoft Visual Studio Solution File, Format Version 12.00
# Visual Studio Version 16
VisualStudioVersion = 16.0.31019.35
MinimumVisualStudioVersion = 10.0.40219.1
Project("{FAE04EC0-301F-11D3-BF4B-00C04F79EFBC}") = "WebApp", "WebApp\WebApp.csproj", "{C76960B1-3829-4EA3-B9C1-9842DD4E70EB}"
EndProject
Global
	GlobalSection(SolutionConfigurationPlatforms) = preSolution
		Debug|Any CPU = Debug|Any CPU
		Release|Any CPU = Release|Any CPU
	EndGlobalSection
	GlobalSection(ProjectConfigurationPlatforms) = postSolution
		{C76960B1-3829-4EA3-B9C1-9842DD4E70EB}.Debug|Any CPU.ActiveCfg = Debug|Any CPU
		{C76960B1-3829-4EA3-B9C1-9842DD4E70EB}.Debug|Any CPU.Build.0 = Debug|Any CPU
		{C76960B1-3829-4EA3-B9C1-9842DD4E70EB}.Release|Any CPU.ActiveCfg = Release|Any CPU
		{C76960B1-3829-4EA3-B9C1-9842DD4E70EB}.Release|Any CPU.Build.0 = Release|Any CPU
	EndGlobalSection
	GlobalSection(SolutionProperties) = preSolution
		HideSolutionNode = FALSE
	EndGlobalSection
	GlobalSection(ExtensibilityGlobals) = postSolution
		SolutionGuid = {27FAC6B4-C146-48DE-BD50-A2CA9D852EA3}
	EndGlobalSection
EndGlobal
